
Microsoft Visual Studio Solution File, Format Version 12.00
# Visual Studio Version 17
VisualStudioVersion = 17.10.34916.146
MinimumVisualStudioVersion = 10.0.40219.1
Project("{FAE04EC0-301F-11D3-BF4B-00C04F79EFBC}") = "Home111", "Home111\Home111.csproj", "{E21FF818-2686-440E-9A02-C67358FBCD26}"
EndProject
Global
	GlobalSection(SolutionConfigurationPlatforms) = preSolution
		Debug|Any CPU = Debug|Any CPU
		Release|Any CPU = Release|Any CPU
	EndGlobalSection
	GlobalSection(ProjectConfigurationPlatforms) = postSolution
		{E21FF818-2686-440E-9A02-C67358FBCD26}.Debug|Any CPU.ActiveCfg = Debug|Any CPU
		{E21FF818-2686-440E-9A02-C67358FBCD26}.Debug|Any CPU.Build.0 = Debug|Any CPU
		{E21FF818-2686-440E-9A02-C67358FBCD26}.Release|Any CPU.ActiveCfg = Release|Any CPU
		{E21FF818-2686-440E-9A02-C67358FBCD26}.Release|Any CPU.Build.0 = Release|Any CPU
	EndGlobalSection
	GlobalSection(SolutionProperties) = preSolution
		HideSolutionNode = FALSE
	EndGlobalSection
	GlobalSection(ExtensibilityGlobals) = postSolution
		SolutionGuid = {68AC8B60-8076-4266-BFBD-7E06862105B0}
	EndGlobalSection
EndGlobal
